Microsoft Visual Studio Solution File, Format Version 12.00
# Visual Studio Version 17
VisualStudioVersion = 17.5.2.0
MinimumVisualStudioVersion = 10.0.40219.1
Project("{FAE04EC0-301F-11D3-BF4B-00C04F79EFBC}") = "BVM.App", "BVM.App\BVM.App.csproj", "{B78A25E5-E854-135D-44F5-13A659564AFE}"
EndProject
Project("{FAE04EC0-301F-11D3-BF4B-00C04F79EFBC}") = "BVM.Core", "BVM.Core\BVM.Core.csproj", "{15688BAD-CDF6-F2FA-209C-C5DFB86EEB07}"
EndProject
Project("{FAE04EC0-301F-11D3-BF4B-00C04F79EFBC}") = "BVM.WebApi", "BVM.WebApi\BVM.WebApi.csproj", "{F7B2781D-51CF-99F3-7B4E-B8C29AFFE4E0}"
EndProject
Global
	GlobalSection(SolutionConfigurationPlatforms) = preSolution
		Debug|Any CPU = Debug|Any CPU
		Release|Any CPU = Release|Any CPU
	EndGlobalSection
	GlobalSection(ProjectConfigurationPlatforms) = postSolution
		{B78A25E5-E854-135D-44F5-13A659564AFE}.Debug|Any CPU.ActiveCfg = Debug|Any CPU
		{B78A25E5-E854-135D-44F5-13A659564AFE}.Debug|Any CPU.Build.0 = Debug|Any CPU
		{B78A25E5-E854-135D-44F5-13A659564AFE}.Release|Any CPU.ActiveCfg = Release|Any CPU
		{B78A25E5-E854-135D-44F5-13A659564AFE}.Release|Any CPU.Build.0 = Release|Any CPU
		{15688BAD-CDF6-F2FA-209C-C5DFB86EEB07}.Debug|Any CPU.ActiveCfg = Debug|Any CPU
		{15688BAD-CDF6-F2FA-209C-C5DFB86EEB07}.Debug|Any CPU.Build.0 = Debug|Any CPU
		{15688BAD-CDF6-F2FA-209C-C5DFB86EEB07}.Release|Any CPU.ActiveCfg = Release|Any CPU
		{15688BAD-CDF6-F2FA-209C-C5DFB86EEB07}.Release|Any CPU.Build.0 = Release|Any CPU
		{F7B2781D-51CF-99F3-7B4E-B8C29AFFE4E0}.Debug|Any CPU.ActiveCfg = Debug|Any CPU
		{F7B2781D-51CF-99F3-7B4E-B8C29AFFE4E0}.Debug|Any CPU.Build.0 = Debug|Any CPU
		{F7B2781D-51CF-99F3-7B4E-B8C29AFFE4E0}.Release|Any CPU.ActiveCfg = Release|Any CPU
		{F7B2781D-51CF-99F3-7B4E-B8C29AFFE4E0}.Release|Any CPU.Build.0 = Release|Any CPU
	EndGlobalSection
	GlobalSection(SolutionProperties) = preSolution
		HideSolutionNode = FALSE
	EndGlobalSection
	GlobalSection(ExtensibilityGlobals) = postSolution
		SolutionGuid = {620100D0-8E04-485C-813A-3D47246EED2A}
	EndGlobalSection
EndGlobal
